
Microsoft Visual Studio Solution File, Format Version 12.00
# Visual Studio Version 16
VisualStudioVersion = 16.0.31025.194
MinimumVisualStudioVersion = 10.0.40219.1
Project("{9A19103F-16F7-4668-BE54-9A1E7A4F7556}") = "Dev.WooNet.WebAPI", "Dev.WooNet.WebApi\Dev.WooNet.WebAPI.csproj", "{0BC1B743-2B70-4C35-9106-33D4696445DF}"
EndProject
Project("{9A19103F-16F7-4668-BE54-9A1E7A4F7556}") = "Dev.WooNet.Model", "Dev.WooNet.Model\Dev.WooNet.Model.csproj", "{A1BFFAF8-E758-4C5B-B2A8-DD3B9784800B}"
EndProject
Project("{9A19103F-16F7-4668-BE54-9A1E7A4F7556}") = "Dev.WooNet.IWooService", "Dev.WooNet.IService\Dev.WooNet.IWooService.csproj", "{1ECF4F03-12A8-4C08-AE91-2AE201842F9C}"
EndProject
Project("{9A19103F-16F7-4668-BE54-9A1E7A4F7556}") = "Dev.WooNet.WooService", "Dev.WooNet.WooService\Dev.WooNet.WooService.csproj", "{A5D24595-0E28-4561-BE4C-BA39F2A980D2}"
EndProject
Project("{9A19103F-16F7-4668-BE54-9A1E7A4F7556}") = "Dev.WooNet.Common", "Dev.WooNet.Common\Dev.WooNet.Common.csproj", "{EA21ECA7-14CE-442F-B7B7-081D38143CD2}"
EndProject
Project("{9A19103F-16F7-4668-BE54-9A1E7A4F7556}") = "Dev.WooNet.WebCore", "Dev.WooNet.WebCore\Dev.WooNet.WebCore.csproj", "{ABB8C407-BC22-4AC5-938C-53331F9578DC}"
EndProject
Project("{2150E333-8FDC-42A3-9474-1A3956D46DE8}") = "Common", "Common", "{0054BF6B-2F10-4500-BE3F-EBB38E891164}"
EndProject
Project("{2150E333-8FDC-42A3-9474-1A3956D46DE8}") = "Service", "Service", "{D0D0D4B6-2D50-4260-A382-869CFC65DD4B}"
EndProject
Project("{2150E333-8FDC-42A3-9474-1A3956D46DE8}") = "Model", "Model", "{C1779259-2B1D-46D6-B552-A4E854353450}"
EndProject
Project("{2150E333-8FDC-42A3-9474-1A3956D46DE8}") = "WebAPI", "WebAPI", "{8CD094B7-7854-4662-B8DC-B17125C630B1}"
EndProject
Project("{2150E333-8FDC-42A3-9474-1A3956D46DE8}") = "BackGround", "BackGround", "{7C0EB527-AEE1-4C01-99FF-C7DD506BD2AB}"
EndProject
Project("{9A19103F-16F7-4668-BE54-9A1E7A4F7556}") = "Dev.WooNet.WorkerService", "Dev.WooNet.WorkerService\Dev.WooNet.WorkerService.csproj", "{A22EE3A0-68D8-440F-9BA6-1A424693B0A7}"
EndProject
Project("{9A19103F-16F7-4668-BE54-9A1E7A4F7556}") = "Dev.WooNet.AutoMapper", "Dev.WooNet.AutoMapper\Dev.WooNet.AutoMapper.csproj", "{9DC36C8E-9181-4909-9F45-947447E0B217}"
EndProject
Global
	GlobalSection(SolutionConfigurationPlatforms) = preSolution
		Debug|Any CPU = Debug|Any CPU
		Release|Any CPU = Release|Any CPU
	EndGlobalSection
	GlobalSection(ProjectConfigurationPlatforms) = postSolution
		{0BC1B743-2B70-4C35-9106-33D4696445DF}.Debug|Any CPU.ActiveCfg = Debug|Any CPU
		{0BC1B743-2B70-4C35-9106-33D4696445DF}.Debug|Any CPU.Build.0 = Debug|Any CPU
		{0BC1B743-2B70-4C35-9106-33D4696445DF}.Release|Any CPU.ActiveCfg = Release|Any CPU
		{0BC1B743-2B70-4C35-9106-33D4696445DF}.Release|Any CPU.Build.0 = Release|Any CPU
		{A1BFFAF8-E758-4C5B-B2A8-DD3B9784800B}.Debug|Any CPU.ActiveCfg = Debug|Any CPU
		{A1BFFAF8-E758-4C5B-B2A8-DD3B9784800B}.Debug|Any CPU.Build.0 = Debug|Any CPU
		{A1BFFAF8-E758-4C5B-B2A8-DD3B9784800B}.Release|Any CPU.ActiveCfg = Release|Any CPU
		{A1BFFAF8-E758-4C5B-B2A8-DD3B9784800B}.Release|Any CPU.Build.0 = Release|Any CPU
		{1ECF4F03-12A8-4C08-AE91-2AE201842F9C}.Debug|Any CPU.ActiveCfg = Debug|Any CPU
		{1ECF4F03-12A8-4C08-AE91-2AE201842F9C}.Debug|Any CPU.Build.0 = Debug|Any CPU
		{1ECF4F03-12A8-4C08-AE91-2AE201842F9C}.Release|Any CPU.ActiveCfg = Release|Any CPU
		{1ECF4F03-12A8-4C08-AE91-2AE201842F9C}.Release|Any CPU.Build.0 = Release|Any CPU
		{A5D24595-0E28-4561-BE4C-BA39F2A980D2}.Debug|Any CPU.ActiveCfg = Debug|Any CPU
		{A5D24595-0E28-4561-BE4C-BA39F2A980D2}.Debug|Any CPU.Build.0 = Debug|Any CPU
		{A5D24595-0E28-4561-BE4C-BA39F2A980D2}.Release|Any CPU.ActiveCfg = Release|Any CPU
		{A5D24595-0E28-4561-BE4C-BA39F2A980D2}.Release|Any CPU.Build.0 = Release|Any CPU
		{EA21ECA7-14CE-442F-B7B7-081D38143CD2}.Debug|Any CPU.ActiveCfg = Debug|Any CPU
		{EA21ECA7-14CE-442F-B7B7-081D38143CD2}.Debug|Any CPU.Build.0 = Debug|Any CPU
		{EA21ECA7-14CE-442F-B7B7-081D38143CD2}.Release|Any CPU.ActiveCfg = Release|Any CPU
		{EA21ECA7-14CE-442F-B7B7-081D38143CD2}.Release|Any CPU.Build.0 = Release|Any CPU
		{ABB8C407-BC22-4AC5-938C-53331F9578DC}.Debug|Any CPU.ActiveCfg = Debug|Any CPU
		{ABB8C407-BC22-4AC5-938C-53331F9578DC}.Debug|Any CPU.Build.0 = Debug|Any CPU
		{ABB8C407-BC22-4AC5-938C-53331F9578DC}.Release|Any CPU.ActiveCfg = Release|Any CPU
		{ABB8C407-BC22-4AC5-938C-53331F9578DC}.Release|Any CPU.Build.0 = Release|Any CPU
		{A22EE3A0-68D8-440F-9BA6-1A424693B0A7}.Debug|Any CPU.ActiveCfg = Debug|Any CPU
		{A22EE3A0-68D8-440F-9BA6-1A424693B0A7}.Debug|Any CPU.Build.0 = Debug|Any CPU
		{A22EE3A0-68D8-440F-9BA6-1A424693B0A7}.Release|Any CPU.ActiveCfg = Release|Any CPU
		{A22EE3A0-68D8-440F-9BA6-1A424693B0A7}.Release|Any CPU.Build.0 = Release|Any CPU
		{9DC36C8E-9181-4909-9F45-947447E0B217}.Debug|Any CPU.ActiveCfg = Debug|Any CPU
		{9DC36C8E-9181-4909-9F45-947447E0B217}.Debug|Any CPU.Build.0 = Debug|Any CPU
		{9DC36C8E-9181-4909-9F45-947447E0B217}.Release|Any CPU.ActiveCfg = Release|Any CPU
		{9DC36C8E-9181-4909-9F45-947447E0B217}.Release|Any CPU.Build.0 = Release|Any CPU
	EndGlobalSection
	GlobalSection(SolutionProperties) = preSolution
		HideSolutionNode = FALSE
	EndGlobalSection
	GlobalSection(NestedProjects) = preSolution
		{0BC1B743-2B70-4C35-9106-33D4696445DF} = {8CD094B7-7854-4662-B8DC-B17125C630B1}
		{A1BFFAF8-E758-4C5B-B2A8-DD3B9784800B} = {C1779259-2B1D-46D6-B552-A4E854353450}
		{1ECF4F03-12A8-4C08-AE91-2AE201842F9C} = {D0D0D4B6-2D50-4260-A382-869CFC65DD4B}
		{A5D24595-0E28-4561-BE4C-BA39F2A980D2} = {D0D0D4B6-2D50-4260-A382-869CFC65DD4B}
		{EA21ECA7-14CE-442F-B7B7-081D38143CD2} = {0054BF6B-2F10-4500-BE3F-EBB38E891164}
		{ABB8C407-BC22-4AC5-938C-53331F9578DC} = {0054BF6B-2F10-4500-BE3F-EBB38E891164}
		{A22EE3A0-68D8-440F-9BA6-1A424693B0A7} = {7C0EB527-AEE1-4C01-99FF-C7DD506BD2AB}
		{9DC36C8E-9181-4909-9F45-947447E0B217} = {0054BF6B-2F10-4500-BE3F-EBB38E891164}
	EndGlobalSection
	GlobalSection(ExtensibilityGlobals) = postSolution
		SolutionGuid = {1CDE0CD6-D6BC-4928-95FC-57CB9A84883D}
	EndGlobalSection
EndGlobal
